# This file is generated by running "yarn install" inside your project.
# Manual changes might be lost - proceed with caution!

__metadata:
  version: 6
  cacheKey: 8

"@types/node@npm:*":
  version: 18.8.4
  resolution: "@types/node@npm:18.8.4"
  checksum: c2b87f6b0b1f02b2ce61ca7cb93ea287119bda086a3f33e48da8f5e70c24ad7141cc3465946e0e36abb7eba70c7b320c7659842096e4aa573b3a8d557322c818
  languageName: node
  linkType: hard

"@types/xml2js@npm:^0.4.11":
  version: 0.4.11
  resolution: "@types/xml2js@npm:0.4.11"
  dependencies:
    "@types/node": "*"
  checksum: d0e7d2a8c7e0a53147c777a6756bdea0eb26a3de0d3c1f42c17e63332e4e2dc532f687c19ca26a0518336f5de60e1ec4345d7ef71e7ba0656fcf3390c9388eb5
  languageName: node
  linkType: hard

"muDictionary@workspace:.":
  version: 0.0.0-use.local
  resolution: "muDictionary@workspace:."
  dependencies:
    "@types/xml2js": ^0.4.11
    prettier: ^2.7.1
    xml2js: ^0.4.23
  languageName: unknown
  linkType: soft

"prettier@npm:^2.7.1":
  version: 2.7.1
  resolution: "prettier@npm:2.7.1"
  bin:
    prettier: bin-prettier.js
  checksum: 55a4409182260866ab31284d929b3cb961e5fdb91fe0d2e099dac92eaecec890f36e524b4c19e6ceae839c99c6d7195817579cdffc8e2c80da0cb794463a748b
  languageName: node
  linkType: hard

"sax@npm:>=0.6.0":
  version: 1.2.4
  resolution: "sax@npm:1.2.4"
  checksum: d3df7d32b897a2c2f28e941f732c71ba90e27c24f62ee918bd4d9a8cfb3553f2f81e5493c7f0be94a11c1911b643a9108f231dd6f60df3fa9586b5d2e3e9e1fe
  languageName: node
  linkType: hard

"xml2js@npm:^0.4.23":
  version: 0.4.23
  resolution: "xml2js@npm:0.4.23"
  dependencies:
    sax: ">=0.6.0"
    xmlbuilder: ~11.0.0
  checksum: ca0cf2dfbf6deeaae878a891c8fbc0db6fd04398087084edf143cdc83d0509ad0fe199b890f62f39c4415cf60268a27a6aed0d343f0658f8779bd7add690fa98
  languageName: node
  linkType: hard

"xmlbuilder@npm:~11.0.0":
  version: 11.0.1
  resolution: "xmlbuilder@npm:11.0.1"
  checksum: 7152695e16f1a9976658215abab27e55d08b1b97bca901d58b048d2b6e106b5af31efccbdecf9b07af37c8377d8e7e821b494af10b3a68b0ff4ae60331b415b0
  languageName: node
  linkType: hard
