# This file is generated by running "yarn install" inside your project.
# Manual changes might be lost - proceed with caution!

__metadata:
  version: 6
  cacheKey: 8

"@cspotcode/source-map-support@npm:^0.8.0":
  version: 0.8.1
  resolution: "@cspotcode/source-map-support@npm:0.8.1"
  dependencies:
    "@jridgewell/trace-mapping": 0.3.9
  checksum: 5718f267085ed8edb3e7ef210137241775e607ee18b77d95aa5bd7514f47f5019aa2d82d96b3bf342ef7aa890a346fa1044532ff7cc3009e7d24fce3ce6200fa
  languageName: node
  linkType: hard

"@jridgewell/resolve-uri@npm:^3.0.3":
  version: 3.1.0
  resolution: "@jridgewell/resolve-uri@npm:3.1.0"
  checksum: b5ceaaf9a110fcb2780d1d8f8d4a0bfd216702f31c988d8042e5f8fbe353c55d9b0f55a1733afdc64806f8e79c485d2464680ac48a0d9fcadb9548ee6b81d267
  languageName: node
  linkType: hard

"@jridgewell/sourcemap-codec@npm:^1.4.10":
  version: 1.4.14
  resolution: "@jridgewell/sourcemap-codec@npm:1.4.14"
  checksum: 61100637b6d173d3ba786a5dff019e1a74b1f394f323c1fee337ff390239f053b87266c7a948777f4b1ee68c01a8ad0ab61e5ff4abb5a012a0b091bec391ab97
  languageName: node
  linkType: hard

"@jridgewell/trace-mapping@npm:0.3.9":
  version: 0.3.9
  resolution: "@jridgewell/trace-mapping@npm:0.3.9"
  dependencies:
    "@jridgewell/resolve-uri": ^3.0.3
    "@jridgewell/sourcemap-codec": ^1.4.10
  checksum: d89597752fd88d3f3480845691a05a44bd21faac18e2185b6f436c3b0fd0c5a859fbbd9aaa92050c4052caf325ad3e10e2e1d1b64327517471b7d51babc0ddef
  languageName: node
  linkType: hard

"@koa/cors@npm:^4.0.0":
  version: 4.0.0
  resolution: "@koa/cors@npm:4.0.0"
  dependencies:
    vary: ^1.1.2
  checksum: e0760544823532f2d71d792e3076858e38bab9b1c090abea175f1319fd91ea58a1da384a2fe7f5108f1c681e3830b01f62a1cafe271d6406751976af443187aa
  languageName: node
  linkType: hard

"@tsconfig/node10@npm:^1.0.7":
  version: 1.0.9
  resolution: "@tsconfig/node10@npm:1.0.9"
  checksum: a33ae4dc2a621c0678ac8ac4bceb8e512ae75dac65417a2ad9b022d9b5411e863c4c198b6ba9ef659e14b9fb609bbec680841a2e84c1172df7a5ffcf076539df
  languageName: node
  linkType: hard

"@tsconfig/node12@npm:^1.0.7":
  version: 1.0.11
  resolution: "@tsconfig/node12@npm:1.0.11"
  checksum: 5ce29a41b13e7897a58b8e2df11269c5395999e588b9a467386f99d1d26f6c77d1af2719e407621412520ea30517d718d5192a32403b8dfcc163bf33e40a338a
  languageName: node
  linkType: hard

"@tsconfig/node14@npm:^1.0.0":
  version: 1.0.3
  resolution: "@tsconfig/node14@npm:1.0.3"
  checksum: 19275fe80c4c8d0ad0abed6a96dbf00642e88b220b090418609c4376e1cef81bf16237bf170ad1b341452feddb8115d8dd2e5acdfdea1b27422071163dc9ba9d
  languageName: node
  linkType: hard

"@tsconfig/node16@npm:^1.0.2":
  version: 1.0.3
  resolution: "@tsconfig/node16@npm:1.0.3"
  checksum: 3a8b657dd047495b7ad23437d6afd20297ce90380ff0bdee93fc7d39a900dbd8d9e26e53ff6b465e7967ce2adf0b218782590ce9013285121e6a5928fbd6819f
  languageName: node
  linkType: hard

"@types/accepts@npm:*":
  version: 1.3.5
  resolution: "@types/accepts@npm:1.3.5"
  dependencies:
    "@types/node": "*"
  checksum: 590b7580570534a640510c071e09074cf63b5958b237a728f94322567350aea4d239f8a9d897a12b15c856b992ee4d7907e9812bb079886af2c00714e7fb3f60
  languageName: node
  linkType: hard

"@types/body-parser@npm:*":
  version: 1.19.2
  resolution: "@types/body-parser@npm:1.19.2"
  dependencies:
    "@types/connect": "*"
    "@types/node": "*"
  checksum: e17840c7d747a549f00aebe72c89313d09fbc4b632b949b2470c5cb3b1cb73863901ae84d9335b567a79ec5efcfb8a28ff8e3f36bc8748a9686756b6d5681f40
  languageName: node
  linkType: hard

"@types/connect@npm:*":
  version: 3.4.35
  resolution: "@types/connect@npm:3.4.35"
  dependencies:
    "@types/node": "*"
  checksum: fe81351470f2d3165e8b12ce33542eef89ea893e36dd62e8f7d72566dfb7e448376ae962f9f3ea888547ce8b55a40020ca0e01d637fab5d99567673084542641
  languageName: node
  linkType: hard

"@types/content-disposition@npm:*":
  version: 0.5.5
  resolution: "@types/content-disposition@npm:0.5.5"
  checksum: fdf7379db1d509990bcf9a21d85f05aad878596f28b1418f9179f6436cb22513262c670ce88c6055054a7f5804a9303eeacb70aa59a5e11ffdc1434559db9692
  languageName: node
  linkType: hard

"@types/cookies@npm:*":
  version: 0.7.7
  resolution: "@types/cookies@npm:0.7.7"
  dependencies:
    "@types/connect": "*"
    "@types/express": "*"
    "@types/keygrip": "*"
    "@types/node": "*"
  checksum: d3759efc1182cb0651808570ae13638677b67b0ea724eef7b174e58ffe6ea044b62c7c2715e532f76f88fce4dd8101ed32ac6fbb73226db654017924e8a2a1e6
  languageName: node
  linkType: hard

"@types/express-serve-static-core@npm:^4.17.18":
  version: 4.17.31
  resolution: "@types/express-serve-static-core@npm:4.17.31"
  dependencies:
    "@types/node": "*"
    "@types/qs": "*"
    "@types/range-parser": "*"
  checksum: 009bfbe1070837454a1056aa710d0390ee5fb8c05dfe5a1691cc3e2ca88dc256f80e1ca27cb51a978681631d2f6431bfc9ec352ea46dd0c6eb183d0170bde5df
  languageName: node
  linkType: hard

"@types/express@npm:*":
  version: 4.17.14
  resolution: "@types/express@npm:4.17.14"
  dependencies:
    "@types/body-parser": "*"
    "@types/express-serve-static-core": ^4.17.18
    "@types/qs": "*"
    "@types/serve-static": "*"
  checksum: 15c1af46d02de834e4a225eccaa9d85c0370fdbb3ed4e1bc2d323d24872309961542b993ae236335aeb3e278630224a6ea002078d39e651d78a3b0356b1eaa79
  languageName: node
  linkType: hard

"@types/http-assert@npm:*":
  version: 1.5.3
  resolution: "@types/http-assert@npm:1.5.3"
  checksum: 9553e5a0b8bcfdac4b51d3fa3b89a91b5450171861a667a5b4c47204e0f4a1ca865d97396e6ceaf220e87b64d06b7a8bad7bfba15ef97acb41a87507c9940dbc
  languageName: node
  linkType: hard

"@types/http-errors@npm:*":
  version: 1.8.2
  resolution: "@types/http-errors@npm:1.8.2"
  checksum: ecc365eea98d7eca650d593e742571acc3003742f0dd0fbbb15b8fce286e0f7421644b4140fb9bf701bbb7f1b744aea3967ebe025f0f0811aa5ab2c3d40fe111
  languageName: node
  linkType: hard

"@types/keygrip@npm:*":
  version: 1.0.2
  resolution: "@types/keygrip@npm:1.0.2"
  checksum: 60bc2738a4f107070ee3d96f44709cb38f3a96c7ccabab09f56c1b2b4d85f869fd8fb9f1f2937e863d0e9e781f005c2223b823bf32b859185b4f52370c352669
  languageName: node
  linkType: hard

"@types/koa-bodyparser@npm:^4.3.8":
  version: 4.3.8
  resolution: "@types/koa-bodyparser@npm:4.3.8"
  dependencies:
    "@types/koa": "*"
  checksum: df4501f4c29e24e6ffe4149accaaa4ac3aee9e0cac8fe0239f53f36bff4acfde4ffb4294212453efaa8a4231c66d139a9577f0d25cc491832c1b2904a5943f89
  languageName: node
  linkType: hard

"@types/koa-compose@npm:*":
  version: 3.2.5
  resolution: "@types/koa-compose@npm:3.2.5"
  dependencies:
    "@types/koa": "*"
  checksum: 5d1147c4b057eb158195f442f0384f06503f3e69dba99fb517b30a05261a9f92928945c12bb1cfc17a5b7d60db003f38b455a3a9b125f12e4fc81fffa396b3cf
  languageName: node
  linkType: hard

"@types/koa-router@npm:^7.4.4":
  version: 7.4.4
  resolution: "@types/koa-router@npm:7.4.4"
  dependencies:
    "@types/koa": "*"
  checksum: 23ff5b725daa1427dc822602f5d4fdcecca5f990595af48879e41338a9c71819ae312326028eef4645beb6ea32ea852416e2f0761a2abd5bf80c2575a3301837
  languageName: node
  linkType: hard

"@types/koa-send@npm:*":
  version: 4.1.3
  resolution: "@types/koa-send@npm:4.1.3"
  dependencies:
    "@types/koa": "*"
  checksum: f20f6a0dcccd0d090348c7cce3635220cc82420b9579fa521dc6deae23c242aa8adb760a5a3fc84d7590a7f393b41b71b18312f9519c1c4a0b16ee24aae2e104
  languageName: node
  linkType: hard

"@types/koa-static@npm:^4.0.2":
  version: 4.0.2
  resolution: "@types/koa-static@npm:4.0.2"
  dependencies:
    "@types/koa": "*"
    "@types/koa-send": "*"
  checksum: a9c557a37b25a677f3aae084b2afd267fa78a728cd69aec20821d8acca3ef4bda172d1fd16a23711266d97e77962d037ffd25ee76b24608413032226321f461f
  languageName: node
  linkType: hard

"@types/koa@npm:*, @types/koa@npm:^2.13.5":
  version: 2.13.5
  resolution: "@types/koa@npm:2.13.5"
  dependencies:
    "@types/accepts": "*"
    "@types/content-disposition": "*"
    "@types/cookies": "*"
    "@types/http-assert": "*"
    "@types/http-errors": "*"
    "@types/keygrip": "*"
    "@types/koa-compose": "*"
    "@types/node": "*"
  checksum: e3b634d934b79ce8f394bf4130511596081f9c073dbfb4309aa32e4c421c47049a002b65111f8d9687eabec55d5a27b1b9ae0699afa83894cb7032c3536bfa17
  languageName: node
  linkType: hard

"@types/koa__cors@npm:^3.3.0":
  version: 3.3.0
  resolution: "@types/koa__cors@npm:3.3.0"
  dependencies:
    "@types/koa": "*"
  checksum: c1aeb10b070e72b6c01a2f6abb4b0a936017794ef4eab3469697a4e24ef2054bc371519afa90c8e6c5ea9dbeda58395a64400bd499c3fda207cb593b751b44ca
  languageName: node
  linkType: hard

"@types/lodash@npm:^4.14.186":
  version: 4.14.186
  resolution: "@types/lodash@npm:4.14.186"
  checksum: ee0c1368a8100bb6efb88335107473a41928fc307ff1ef4ff1278868ccddba9c04c68c36d1ffe3a0392ef4a956e1955f7de3203ec09df4f1655dd1b88485c549
  languageName: node
  linkType: hard

"@types/mime@npm:*":
  version: 3.0.1
  resolution: "@types/mime@npm:3.0.1"
  checksum: 4040fac73fd0cea2460e29b348c1a6173da747f3a87da0dbce80dd7a9355a3d0e51d6d9a401654f3e5550620e3718b5a899b2ec1debf18424e298a2c605346e7
  languageName: node
  linkType: hard

"@types/node@npm:*":
  version: 18.8.3
  resolution: "@types/node@npm:18.8.3"
  checksum: 9201adc6dc389644c9f478f950ef8926a93e5827865dcd80d7d12fefacab665c96879c87cd6ec74d5eccdd998c4603d02e1e07a35d71a63fe4c20670a381f6ef
  languageName: node
  linkType: hard

"@types/qs@npm:*":
  version: 6.9.7
  resolution: "@types/qs@npm:6.9.7"
  checksum: 7fd6f9c25053e9b5bb6bc9f9f76c1d89e6c04f7707a7ba0e44cc01f17ef5284adb82f230f542c2d5557d69407c9a40f0f3515e8319afd14e1e16b5543ac6cdba
  languageName: node
  linkType: hard

"@types/range-parser@npm:*":
  version: 1.2.4
  resolution: "@types/range-parser@npm:1.2.4"
  checksum: b7c0dfd5080a989d6c8bb0b6750fc0933d9acabeb476da6fe71d8bdf1ab65e37c136169d84148034802f48378ab94e3c37bb4ef7656b2bec2cb9c0f8d4146a95
  languageName: node
  linkType: hard

"@types/serve-static@npm:*":
  version: 1.15.0
  resolution: "@types/serve-static@npm:1.15.0"
  dependencies:
    "@types/mime": "*"
    "@types/node": "*"
  checksum: b6ac93d471fb0f53ddcac1f9b67572a09cd62806f7db5855244b28f6f421139626f24799392566e97d1ffc61b12f9de7f30380c39fcae3c8a161fe161d44edf2
  languageName: node
  linkType: hard

"@types/webidl-conversions@npm:*":
  version: 7.0.0
  resolution: "@types/webidl-conversions@npm:7.0.0"
  checksum: 60142c7ddd9eb6f907d232d6b3a81ecf990f73b5a62a004eba8bd0f54809a42ece68ce512e7e3e1d98af8b6393d66cddb96f3622d2fb223c4e9c8937c61bfed7
  languageName: node
  linkType: hard

"@types/whatwg-url@npm:^8.2.1":
  version: 8.2.2
  resolution: "@types/whatwg-url@npm:8.2.2"
  dependencies:
    "@types/node": "*"
    "@types/webidl-conversions": "*"
  checksum: 5dc5afe078dfa1a8a266745586fa3db9baa8ce7cc904789211d1dca1d34d7f3dd17d0b7423c36bc9beab9d98aa99338f1fc60798c0af6cbb8356f20e20d9f243
  languageName: node
  linkType: hard

"accepts@npm:^1.3.5":
  version: 1.3.8
  resolution: "accepts@npm:1.3.8"
  dependencies:
    mime-types: ~2.1.34
    negotiator: 0.6.3
  checksum: 50c43d32e7b50285ebe84b613ee4a3aa426715a7d131b65b786e2ead0fd76b6b60091b9916d3478a75f11f162628a2139991b6c03ab3f1d9ab7c86075dc8eab4
  languageName: node
  linkType: hard

"acorn-walk@npm:^8.1.1":
  version: 8.2.0
  resolution: "acorn-walk@npm:8.2.0"
  checksum: 1715e76c01dd7b2d4ca472f9c58968516a4899378a63ad5b6c2d668bba8da21a71976c14ec5f5b75f887b6317c4ae0b897ab141c831d741dc76024d8745f1ad1
  languageName: node
  linkType: hard

"acorn@npm:^8.4.1":
  version: 8.8.0
  resolution: "acorn@npm:8.8.0"
  bin:
    acorn: bin/acorn
  checksum: 7270ca82b242eafe5687a11fea6e088c960af712683756abf0791b68855ea9cace3057bd5e998ffcef50c944810c1e0ca1da526d02b32110e13c722aa959afdc
  languageName: node
  linkType: hard

"adler-32@npm:~1.2.0":
  version: 1.2.0
  resolution: "adler-32@npm:1.2.0"
  dependencies:
    exit-on-epipe: ~1.0.1
    printj: ~1.1.0
  bin:
    adler32: ./bin/adler32.njs
  checksum: aa611316fa224349b3eb1b7fcccc05195c38e425ff2b678fde67c0440b27074c42ad97b03efb7478f045b094f0dcb51a8711a2d5571d8940e1c5c52593af7bf6
  languageName: node
  linkType: hard

"adler-32@npm:~1.3.0":
  version: 1.3.1
  resolution: "adler-32@npm:1.3.1"
  checksum: c7f6b02df64a4392fcf1591862344f56733716a558e97a8b06a553dadeeaec792054512389000f42f371b13d2be5370e056e18db3b573944b595c4cb7742c5c6
  languageName: node
  linkType: hard

"arg@npm:^4.1.0":
  version: 4.1.3
  resolution: "arg@npm:4.1.3"
  checksum: 544af8dd3f60546d3e4aff084d451b96961d2267d668670199692f8d054f0415d86fc5497d0e641e91546f0aa920e7c29e5250e99fc89f5552a34b5d93b77f43
  languageName: node
  linkType: hard

"base64-js@npm:^1.3.1":
  version: 1.5.1
  resolution: "base64-js@npm:1.5.1"
  checksum: 669632eb3745404c2f822a18fc3a0122d2f9a7a13f7fb8b5823ee19d1d2ff9ee5b52c53367176ea4ad093c332fd5ab4bd0ebae5a8e27917a4105a4cfc86b1005
  languageName: node
  linkType: hard

"bson@npm:^4.6.5, bson@npm:^4.7.0":
  version: 4.7.0
  resolution: "bson@npm:4.7.0"
  dependencies:
    buffer: ^5.6.0
  checksum: 83e7b64afdad5a505073a7e6206e7b345f59e7888fbcb1948fba72b6101a1baf58b7499314f8e24b650567665f7973eda048aabbb1ddcfbadfba7d6c6b0f5e83
  languageName: node
  linkType: hard

"buffer-from@npm:^1.0.0":
  version: 1.1.2
  resolution: "buffer-from@npm:1.1.2"
  checksum: 0448524a562b37d4d7ed9efd91685a5b77a50672c556ea254ac9a6d30e3403a517d8981f10e565db24e8339413b43c97ca2951f10e399c6125a0d8911f5679bb
  languageName: node
  linkType: hard

"buffer@npm:^5.6.0":
  version: 5.7.1
  resolution: "buffer@npm:5.7.1"
  dependencies:
    base64-js: ^1.3.1
    ieee754: ^1.1.13
  checksum: e2cf8429e1c4c7b8cbd30834ac09bd61da46ce35f5c22a78e6c2f04497d6d25541b16881e30a019c6fd3154150650ccee27a308eff3e26229d788bbdeb08ab84
  languageName: node
  linkType: hard

"bytes@npm:3.1.2":
  version: 3.1.2
  resolution: "bytes@npm:3.1.2"
  checksum: e4bcd3948d289c5127591fbedf10c0b639ccbf00243504e4e127374a15c3bc8eed0d28d4aaab08ff6f1cf2abc0cce6ba3085ed32f4f90e82a5683ce0014e1b6e
  languageName: node
  linkType: hard

"cache-content-type@npm:^1.0.0":
  version: 1.0.1
  resolution: "cache-content-type@npm:1.0.1"
  dependencies:
    mime-types: ^2.1.18
    ylru: ^1.2.0
  checksum: 18db4d59452669ccbfd7146a1510a37eb28e9eccf18ca7a4eb603dff2edc5cccdca7498fc3042a2978f76f11151fba486eb9eb69d9afa3fb124957870aef4fd3
  languageName: node
  linkType: hard

"call-bind@npm:^1.0.0":
  version: 1.0.2
  resolution: "call-bind@npm:1.0.2"
  dependencies:
    function-bind: ^1.1.1
    get-intrinsic: ^1.0.2
  checksum: f8e31de9d19988a4b80f3e704788c4a2d6b6f3d17cfec4f57dc29ced450c53a49270dc66bf0fbd693329ee948dd33e6c90a329519aef17474a4d961e8d6426b0
  languageName: node
  linkType: hard

"cfb@npm:^1.1.4":
  version: 1.2.2
  resolution: "cfb@npm:1.2.2"
  dependencies:
    adler-32: ~1.3.0
    crc-32: ~1.2.0
  checksum: cfb63a7d630a7fa415c1b25655dca66666584f29c95fb0ee90866ada1a28090857827f2ba70a9a50df28bdce05728ae58d495bce417249f305ef7b3c85840024
  languageName: node
  linkType: hard

"co-body@npm:^6.0.0":
  version: 6.1.0
  resolution: "co-body@npm:6.1.0"
  dependencies:
    inflation: ^2.0.0
    qs: ^6.5.2
    raw-body: ^2.3.3
    type-is: ^1.6.16
  checksum: d0a78831a6651f2085fce16b0ecdc49f45fb5baf4f94148c2f499e7ec89d188205362548b9c500eae15a819360cfda208079e68a72c204cf66ca3ffa2fc0f57e
  languageName: node
  linkType: hard

"co@npm:^4.6.0":
  version: 4.6.0
  resolution: "co@npm:4.6.0"
  checksum: 5210d9223010eb95b29df06a91116f2cf7c8e0748a9013ed853b53f362ea0e822f1e5bb054fb3cefc645239a4cf966af1f6133a3b43f40d591f3b68ed6cf0510
  languageName: node
  linkType: hard

"codepage@npm:~1.15.0":
  version: 1.15.0
  resolution: "codepage@npm:1.15.0"
  checksum: 86bdfd8f8fd4d78ace6ddab02a1621cbb4a833686fe886984b4155d99cd0287581d69495774b816ab2f571c4dc851c1595e1dbb8d69bd6dbb5a631ebf317fab0
  languageName: node
  linkType: hard

"content-disposition@npm:~0.5.2":
  version: 0.5.4
  resolution: "content-disposition@npm:0.5.4"
  dependencies:
    safe-buffer: 5.2.1
  checksum: afb9d545e296a5171d7574fcad634b2fdf698875f4006a9dd04a3e1333880c5c0c98d47b560d01216fb6505a54a2ba6a843ee3a02ec86d7e911e8315255f56c3
  languageName: node
  linkType: hard

"content-type@npm:^1.0.4":
  version: 1.0.4
  resolution: "content-type@npm:1.0.4"
  checksum: 3d93585fda985d1554eca5ebd251994327608d2e200978fdbfba21c0c679914d5faf266d17027de44b34a72c7b0745b18584ecccaa7e1fdfb6a68ac7114f12e0
  languageName: node
  linkType: hard

"cookies@npm:~0.8.0":
  version: 0.8.0
  resolution: "cookies@npm:0.8.0"
  dependencies:
    depd: ~2.0.0
    keygrip: ~1.1.0
  checksum: 806055a44f128705265b1bc6a853058da18bf80dea3654ad99be20985b1fa1b14f86c1eef73644aab8071241f8a78acd57202b54c4c5c70769fc694fbb9c4edc
  languageName: node
  linkType: hard

"copy-to@npm:^2.0.1":
  version: 2.0.1
  resolution: "copy-to@npm:2.0.1"
  checksum: 05ea12875bdc96ae053a3b30148e9d992026035ff2bfcc0b615e8d49d1cf8fc3d1f40843f9a4b7b1b6d9118eeebcba31e621076d7de525828aa9c07d22a81dab
  languageName: node
  linkType: hard

"crc-32@npm:~1.2.0":
  version: 1.2.2
  resolution: "crc-32@npm:1.2.2"
  bin:
    crc32: bin/crc32.njs
  checksum: ad2d0ad0cbd465b75dcaeeff0600f8195b686816ab5f3ba4c6e052a07f728c3e70df2e3ca9fd3d4484dc4ba70586e161ca5a2334ec8bf5a41bf022a6103ff243
  languageName: node
  linkType: hard

"create-require@npm:^1.1.0":
  version: 1.1.1
  resolution: "create-require@npm:1.1.1"
  checksum: a9a1503d4390d8b59ad86f4607de7870b39cad43d929813599a23714831e81c520bddf61bcdd1f8e30f05fd3a2b71ae8538e946eb2786dc65c2bbc520f692eff
  languageName: node
  linkType: hard

"debug@npm:4.x, debug@npm:^4.1.1, debug@npm:^4.3.2":
  version: 4.3.4
  resolution: "debug@npm:4.3.4"
  dependencies:
    ms: 2.1.2
  peerDependenciesMeta:
    supports-color:
      optional: true
  checksum: 3dbad3f94ea64f34431a9cbf0bafb61853eda57bff2880036153438f50fb5a84f27683ba0d8e5426bf41a8c6ff03879488120cf5b3a761e77953169c0600a708
  languageName: node
  linkType: hard

"debug@npm:^3.1.0":
  version: 3.2.7
  resolution: "debug@npm:3.2.7"
  dependencies:
    ms: ^2.1.1
  checksum: b3d8c5940799914d30314b7c3304a43305fd0715581a919dacb8b3176d024a782062368405b47491516d2091d6462d4d11f2f4974a405048094f8bfebfa3071c
  languageName: node
  linkType: hard

"deep-equal@npm:~1.0.1":
  version: 1.0.1
  resolution: "deep-equal@npm:1.0.1"
  checksum: 5af8cbfcebf190491878a498caccc7dc9592f8ebd1685b976eacc3825619d222b5e929923163b92c4f414494e2b884f7ebf00c022e8198e8292deb70dd9785f4
  languageName: node
  linkType: hard

"delegates@npm:^1.0.0":
  version: 1.0.0
  resolution: "delegates@npm:1.0.0"
  checksum: a51744d9b53c164ba9c0492471a1a2ffa0b6727451bdc89e31627fdf4adda9d51277cfcbfb20f0a6f08ccb3c436f341df3e92631a3440226d93a8971724771fd
  languageName: node
  linkType: hard

"denque@npm:^2.1.0":
  version: 2.1.0
  resolution: "denque@npm:2.1.0"
  checksum: 1d4ae1d05e59ac3a3481e7b478293f4b4c813819342273f3d5b826c7ffa9753c520919ba264f377e09108d24ec6cf0ec0ac729a5686cbb8f32d797126c5dae74
  languageName: node
  linkType: hard

"depd@npm:2.0.0, depd@npm:^2.0.0, depd@npm:~2.0.0":
  version: 2.0.0
  resolution: "depd@npm:2.0.0"
  checksum: abbe19c768c97ee2eed6282d8ce3031126662252c58d711f646921c9623f9052e3e1906443066beec1095832f534e57c523b7333f8e7e0d93051ab6baef5ab3a
  languageName: node
  linkType: hard

"depd@npm:~1.1.2":
  version: 1.1.2
  resolution: "depd@npm:1.1.2"
  checksum: 6b406620d269619852885ce15965272b829df6f409724415e0002c8632ab6a8c0a08ec1f0bd2add05dc7bd7507606f7e2cc034fa24224ab829580040b835ecd9
  languageName: node
  linkType: hard

"destroy@npm:^1.0.4":
  version: 1.2.0
  resolution: "destroy@npm:1.2.0"
  checksum: 0acb300b7478a08b92d810ab229d5afe0d2f4399272045ab22affa0d99dbaf12637659411530a6fcd597a9bdac718fc94373a61a95b4651bbc7b83684a565e38
  languageName: node
  linkType: hard

"diff@npm:^4.0.1":
  version: 4.0.2
  resolution: "diff@npm:4.0.2"
  checksum: f2c09b0ce4e6b301c221addd83bf3f454c0bc00caa3dd837cf6c127d6edf7223aa2bbe3b688feea110b7f262adbfc845b757c44c8a9f8c0c5b15d8fa9ce9d20d
  languageName: node
  linkType: hard

"ee-first@npm:1.1.1":
  version: 1.1.1
  resolution: "ee-first@npm:1.1.1"
  checksum: 1b4cac778d64ce3b582a7e26b218afe07e207a0f9bfe13cc7395a6d307849cfe361e65033c3251e00c27dd060cab43014c2d6b2647676135e18b77d2d05b3f4f
  languageName: node
  linkType: hard

"encodeurl@npm:^1.0.2":
  version: 1.0.2
  resolution: "encodeurl@npm:1.0.2"
  checksum: e50e3d508cdd9c4565ba72d2012e65038e5d71bdc9198cb125beb6237b5b1ade6c0d343998da9e170fb2eae52c1bed37d4d6d98a46ea423a0cddbed5ac3f780c
  languageName: node
  linkType: hard

"escape-html@npm:^1.0.3":
  version: 1.0.3
  resolution: "escape-html@npm:1.0.3"
  checksum: 6213ca9ae00d0ab8bccb6d8d4e0a98e76237b2410302cf7df70aaa6591d509a2a37ce8998008cbecae8fc8ffaadf3fb0229535e6a145f3ce0b211d060decbb24
  languageName: node
  linkType: hard

"exit-on-epipe@npm:~1.0.1":
  version: 1.0.1
  resolution: "exit-on-epipe@npm:1.0.1"
  checksum: e8ab4940416d19f311b3c9226e3725c6c4c6026fe682266ecc0ff33a455d585fe3e4ee757857c7bf1d0491b478cb232b8e395dfb438e65ac87317eda47304c32
  languageName: node
  linkType: hard

"frac@npm:~1.1.2":
  version: 1.1.2
  resolution: "frac@npm:1.1.2"
  checksum: fbfbb28003bb84506dd35e7aad8543c5a358bdc95451d0065b6127d40d2c45106f14221575c3e9ce3ea4bf0bbf1225b73c5d655965c9f4ce44332cbe1b34667d
  languageName: node
  linkType: hard

"fresh@npm:~0.5.2":
  version: 0.5.2
  resolution: "fresh@npm:0.5.2"
  checksum: 13ea8b08f91e669a64e3ba3a20eb79d7ca5379a81f1ff7f4310d54e2320645503cc0c78daedc93dfb6191287295f6479544a649c64d8e41a1c0fb0c221552346
  languageName: node
  linkType: hard

"function-bind@npm:^1.1.1":
  version: 1.1.1
  resolution: "function-bind@npm:1.1.1"
  checksum: b32fbaebb3f8ec4969f033073b43f5c8befbb58f1a79e12f1d7490358150359ebd92f49e72ff0144f65f2c48ea2a605bff2d07965f548f6474fd8efd95bf361a
  languageName: node
  linkType: hard

"get-intrinsic@npm:^1.0.2":
  version: 1.1.3
  resolution: "get-intrinsic@npm:1.1.3"
  dependencies:
    function-bind: ^1.1.1
    has: ^1.0.3
    has-symbols: ^1.0.3
  checksum: 152d79e87251d536cf880ba75cfc3d6c6c50e12b3a64e1ea960e73a3752b47c69f46034456eae1b0894359ce3bc64c55c186f2811f8a788b75b638b06fab228a
  languageName: node
  linkType: hard

"has-symbols@npm:^1.0.2, has-symbols@npm:^1.0.3":
  version: 1.0.3
  resolution: "has-symbols@npm:1.0.3"
  checksum: a054c40c631c0d5741a8285010a0777ea0c068f99ed43e5d6eb12972da223f8af553a455132fdb0801bdcfa0e0f443c0c03a68d8555aa529b3144b446c3f2410
  languageName: node
  linkType: hard

"has-tostringtag@npm:^1.0.0":
  version: 1.0.0
  resolution: "has-tostringtag@npm:1.0.0"
  dependencies:
    has-symbols: ^1.0.2
  checksum: cc12eb28cb6ae22369ebaad3a8ab0799ed61270991be88f208d508076a1e99abe4198c965935ce85ea90b60c94ddda73693b0920b58e7ead048b4a391b502c1c
  languageName: node
  linkType: hard

"has@npm:^1.0.3":
  version: 1.0.3
  resolution: "has@npm:1.0.3"
  dependencies:
    function-bind: ^1.1.1
  checksum: b9ad53d53be4af90ce5d1c38331e712522417d017d5ef1ebd0507e07c2fbad8686fffb8e12ddecd4c39ca9b9b47431afbb975b8abf7f3c3b82c98e9aad052792
  languageName: node
  linkType: hard

"http-assert@npm:^1.3.0":
  version: 1.5.0
  resolution: "http-assert@npm:1.5.0"
  dependencies:
    deep-equal: ~1.0.1
    http-errors: ~1.8.0
  checksum: 69c9b3c14cf8b2822916360a365089ce936c883c49068f91c365eccba5c141a9964d19fdda589150a480013bf503bf37d8936c732e9635819339e730ab0e7527
  languageName: node
  linkType: hard

"http-errors@npm:2.0.0, http-errors@npm:^2.0.0":
  version: 2.0.0
  resolution: "http-errors@npm:2.0.0"
  dependencies:
    depd: 2.0.0
    inherits: 2.0.4
    setprototypeof: 1.2.0
    statuses: 2.0.1
    toidentifier: 1.0.1
  checksum: 9b0a3782665c52ce9dc658a0d1560bcb0214ba5699e4ea15aefb2a496e2ca83db03ebc42e1cce4ac1f413e4e0d2d736a3fd755772c556a9a06853ba2a0b7d920
  languageName: node
  linkType: hard

"http-errors@npm:^1.6.3, http-errors@npm:^1.7.3, http-errors@npm:~1.8.0":
  version: 1.8.1
  resolution: "http-errors@npm:1.8.1"
  dependencies:
    depd: ~1.1.2
    inherits: 2.0.4
    setprototypeof: 1.2.0
    statuses: ">= 1.5.0 < 2"
    toidentifier: 1.0.1
  checksum: d3c7e7e776fd51c0a812baff570bdf06fe49a5dc448b700ab6171b1250e4cf7db8b8f4c0b133e4bfe2451022a5790c1ca6c2cae4094dedd6ac8304a1267f91d2
  languageName: node
  linkType: hard

"http-errors@npm:~1.6.2":
  version: 1.6.3
  resolution: "http-errors@npm:1.6.3"
  dependencies:
    depd: ~1.1.2
    inherits: 2.0.3
    setprototypeof: 1.1.0
    statuses: ">= 1.4.0 < 2"
  checksum: a9654ee027e3d5de305a56db1d1461f25709ac23267c6dc28cdab8323e3f96caa58a9a6a5e93ac15d7285cee0c2f019378c3ada9026e7fe19c872d695f27de7c
  languageName: node
  linkType: hard

"iconv-lite@npm:0.4.24":
  version: 0.4.24
  resolution: "iconv-lite@npm:0.4.24"
  dependencies:
    safer-buffer: ">= 2.1.2 < 3"
  checksum: bd9f120f5a5b306f0bc0b9ae1edeb1577161503f5f8252a20f1a9e56ef8775c9959fd01c55f2d3a39d9a8abaf3e30c1abeb1895f367dcbbe0a8fd1c9ca01c4f6
  languageName: node
  linkType: hard

"ieee754@npm:^1.1.13":
  version: 1.2.1
  resolution: "ieee754@npm:1.2.1"
  checksum: 5144c0c9815e54ada181d80a0b810221a253562422e7c6c3a60b1901154184f49326ec239d618c416c1c5945a2e197107aee8d986a3dd836b53dffefd99b5e7e
  languageName: node
  linkType: hard

"inflation@npm:^2.0.0":
  version: 2.0.0
  resolution: "inflation@npm:2.0.0"
  checksum: a0494871b12275afdef9e2710ee1af1e0fc642b04613a9be69c05ef8b5e9627f3bd7d358a937fa47aa20235ee7313a4f30255048533add0ad4918beb918a586e
  languageName: node
  linkType: hard

"inherits@npm:2.0.3":
  version: 2.0.3
  resolution: "inherits@npm:2.0.3"
  checksum: 78cb8d7d850d20a5e9a7f3620db31483aa00ad5f722ce03a55b110e5a723539b3716a3b463e2b96ce3fe286f33afc7c131fa2f91407528ba80cea98a7545d4c0
  languageName: node
  linkType: hard

"inherits@npm:2.0.4":
  version: 2.0.4
  resolution: "inherits@npm:2.0.4"
  checksum: 4a48a733847879d6cf6691860a6b1e3f0f4754176e4d71494c41f3475553768b10f84b5ce1d40fbd0e34e6bfbb864ee35858ad4dd2cf31e02fc4a154b724d7f1
  languageName: node
  linkType: hard

"ip@npm:^2.0.0":
  version: 2.0.0
  resolution: "ip@npm:2.0.0"
  checksum: cfcfac6b873b701996d71ec82a7dd27ba92450afdb421e356f44044ed688df04567344c36cbacea7d01b1c39a4c732dc012570ebe9bebfb06f27314bca625349
  languageName: node
  linkType: hard

"is-generator-function@npm:^1.0.7":
  version: 1.0.10
  resolution: "is-generator-function@npm:1.0.10"
  dependencies:
    has-tostringtag: ^1.0.0
  checksum: d54644e7dbaccef15ceb1e5d91d680eb5068c9ee9f9eb0a9e04173eb5542c9b51b5ab52c5537f5703e48d5fddfd376817c1ca07a84a407b7115b769d4bdde72b
  languageName: node
  linkType: hard

"kareem@npm:2.4.1":
  version: 2.4.1
  resolution: "kareem@npm:2.4.1"
  checksum: 83c8d8f5ea82e58fa9f43f62f65576ac32fc7c5f817deb2708c68996eb586bf3dc236404a4570c548730a041e29a6553f61f8a744fa96a1093e5dc28b4ce598f
  languageName: node
  linkType: hard

"keygrip@npm:~1.1.0":
  version: 1.1.0
  resolution: "keygrip@npm:1.1.0"
  dependencies:
    tsscmp: 1.0.6
  checksum: 078cd16a463d187121f0a27c1c9c95c52ad392b620f823431689f345a0501132cee60f6e96914b07d570105af470b96960402accd6c48a0b1f3cd8fac4fa2cae
  languageName: node
  linkType: hard

"koa-bodyparser@npm:^4.3.0":
  version: 4.3.0
  resolution: "koa-bodyparser@npm:4.3.0"
  dependencies:
    co-body: ^6.0.0
    copy-to: ^2.0.1
  checksum: c227fe0fb5a55b98fc91d865e80229b60178d216d53b732b07833eb38f48a7ed6aa768a083bc06e359db33298547e9a65842fbe9d3f0fdaf5149fe0becafc88f
  languageName: node
  linkType: hard

"koa-compose@npm:^4.1.0":
  version: 4.1.0
  resolution: "koa-compose@npm:4.1.0"
  checksum: 46cb16792d96425e977c2ae4e5cb04930280740e907242ec9c25e3fb8b4a1d7b54451d7432bc24f40ec62255edea71894d2ceeb8238501842b4e48014f2e83db
  languageName: node
  linkType: hard

"koa-convert@npm:^2.0.0":
  version: 2.0.0
  resolution: "koa-convert@npm:2.0.0"
  dependencies:
    co: ^4.6.0
    koa-compose: ^4.1.0
  checksum: 7385b3391995f59c1312142e110d5dff677f9850dbfbcf387cd36a7b0af03b5d26e82b811eb9bb008b4f3e661cdab1f8817596e46b1929da2cf6e97a2f7456ed
  languageName: node
  linkType: hard

"koa-router@npm:^12.0.0":
  version: 12.0.0
  resolution: "koa-router@npm:12.0.0"
  dependencies:
    http-errors: ^2.0.0
    koa-compose: ^4.1.0
    methods: ^1.1.2
    path-to-regexp: ^6.2.1
  checksum: 29b02fd96972c037e805f6ce2626c971f4fd9cba04005bfedc080ab425d31b4b1cfe2ebc000b26e4a45e68215a3a3ed557f836ba486ea0d2f1e7e78fc95f8dca
  languageName: node
  linkType: hard

"koa-send@npm:^5.0.0":
  version: 5.0.1
  resolution: "koa-send@npm:5.0.1"
  dependencies:
    debug: ^4.1.1
    http-errors: ^1.7.3
    resolve-path: ^1.4.0
  checksum: a9fbaadbe0f50efd157a733df4a1cc2b3b79b0cdf12e67c718641e6038d1792c0bebe40913e6d4ceb707d970301155be3859b98d1ef08b0fd1766f7326b82853
  languageName: node
  linkType: hard

"koa-static@npm:^5.0.0":
  version: 5.0.0
  resolution: "koa-static@npm:5.0.0"
  dependencies:
    debug: ^3.1.0
    koa-send: ^5.0.0
  checksum: 8d9b9c4d2b3b13e8818e804245d784099c4b353b55ddd7dbeeb90f27a2e9f5b6f86bd16a4909e337cb89db4d332d9002e6c0f5056caf75749cab62f93c1f0cc5
  languageName: node
  linkType: hard

"koa@npm:^2.13.4":
  version: 2.13.4
  resolution: "koa@npm:2.13.4"
  dependencies:
    accepts: ^1.3.5
    cache-content-type: ^1.0.0
    content-disposition: ~0.5.2
    content-type: ^1.0.4
    cookies: ~0.8.0
    debug: ^4.3.2
    delegates: ^1.0.0
    depd: ^2.0.0
    destroy: ^1.0.4
    encodeurl: ^1.0.2
    escape-html: ^1.0.3
    fresh: ~0.5.2
    http-assert: ^1.3.0
    http-errors: ^1.6.3
    is-generator-function: ^1.0.7
    koa-compose: ^4.1.0
    koa-convert: ^2.0.0
    on-finished: ^2.3.0
    only: ~0.0.2
    parseurl: ^1.3.2
    statuses: ^1.5.0
    type-is: ^1.6.16
    vary: ^1.1.2
  checksum: c9a6f9c803433b2d143a0788308048c1432a71c5febcfea2af7f2e8bd732b9bfd75c2c220d553752ee9ab9a3f52490f006cfd521db97cd01d8461d67cc1ccc1f
  languageName: node
  linkType: hard

"lodash@npm:^4.17.21":
  version: 4.17.21
  resolution: "lodash@npm:4.17.21"
  checksum: eb835a2e51d381e561e508ce932ea50a8e5a68f4ebdd771ea240d3048244a8d13658acbd502cd4829768c56f2e16bdd4340b9ea141297d472517b83868e677f7
  languageName: node
  linkType: hard

"make-error@npm:^1.1.1":
  version: 1.3.6
  resolution: "make-error@npm:1.3.6"
  checksum: b86e5e0e25f7f777b77fabd8e2cbf15737972869d852a22b7e73c17623928fccb826d8e46b9951501d3f20e51ad74ba8c59ed584f610526a48f8ccf88aaec402
  languageName: node
  linkType: hard

"media-typer@npm:0.3.0":
  version: 0.3.0
  resolution: "media-typer@npm:0.3.0"
  checksum: af1b38516c28ec95d6b0826f6c8f276c58aec391f76be42aa07646b4e39d317723e869700933ca6995b056db4b09a78c92d5440dc23657e6764be5d28874bba1
  languageName: node
  linkType: hard

"memory-pager@npm:^1.0.2":
  version: 1.5.0
  resolution: "memory-pager@npm:1.5.0"
  checksum: d1a2e684583ef55c61cd3a49101da645b11ad57014dfc565e0b43baa9004b743f7e4ab81493d8fff2ab24e9950987cc3209c94bcc4fc8d7e30a475489a1f15e9
  languageName: node
  linkType: hard

"methods@npm:^1.1.2":
  version: 1.1.2
  resolution: "methods@npm:1.1.2"
  checksum: 0917ff4041fa8e2f2fda5425a955fe16ca411591fbd123c0d722fcf02b73971ed6f764d85f0a6f547ce49ee0221ce2c19a5fa692157931cecb422984f1dcd13a
  languageName: node
  linkType: hard

"mime-db@npm:1.52.0":
  version: 1.52.0
  resolution: "mime-db@npm:1.52.0"
  checksum: 0d99a03585f8b39d68182803b12ac601d9c01abfa28ec56204fa330bc9f3d1c5e14beb049bafadb3dbdf646dfb94b87e24d4ec7b31b7279ef906a8ea9b6a513f
  languageName: node
  linkType: hard

"mime-types@npm:^2.1.18, mime-types@npm:~2.1.24, mime-types@npm:~2.1.34":
  version: 2.1.35
  resolution: "mime-types@npm:2.1.35"
  dependencies:
    mime-db: 1.52.0
  checksum: 89a5b7f1def9f3af5dad6496c5ed50191ae4331cc5389d7c521c8ad28d5fdad2d06fd81baf38fed813dc4e46bb55c8145bb0ff406330818c9cf712fb2e9b3836
  languageName: node
  linkType: hard

"mongodb-connection-string-url@npm:^2.5.3":
  version: 2.5.4
  resolution: "mongodb-connection-string-url@npm:2.5.4"
  dependencies:
    "@types/whatwg-url": ^8.2.1
    whatwg-url: ^11.0.0
  checksum: 9f431826b229488808e4a8a9e6bdde0162be3e6d5cad40867b69b2199ce009f568b67dc1bf587a43367904d8184f1c68689f7ea6574ed40b396726abde9485e1
  languageName: node
  linkType: hard

"mongodb@npm:4.9.1":
  version: 4.9.1
  resolution: "mongodb@npm:4.9.1"
  dependencies:
    bson: ^4.7.0
    denque: ^2.1.0
    mongodb-connection-string-url: ^2.5.3
    saslprep: ^1.0.3
    socks: ^2.7.0
  dependenciesMeta:
    saslprep:
      optional: true
  checksum: 43d66207f094930d134e263489f788c5efd0ef079bf059986cd887570b561067f4dcf23d6e4334d2fd13fee7ce3ef8f9b163e609fc48e03e1236b6407095a4c5
  languageName: node
  linkType: hard

"mongodb@npm:^4.10.0":
  version: 4.10.0
  resolution: "mongodb@npm:4.10.0"
  dependencies:
    bson: ^4.7.0
    denque: ^2.1.0
    mongodb-connection-string-url: ^2.5.3
    saslprep: ^1.0.3
    socks: ^2.7.0
  dependenciesMeta:
    saslprep:
      optional: true
  checksum: 4847fe69b6d3baddc440936d306b4d00fa40a1dafabd387f9fb6f3ecd63b27c41f11b2cc46774ac2bf17e9b508d35908ebe21f47badf3449fb7afcbde2733951
  languageName: node
  linkType: hard

"mongoose@npm:^6.6.5":
  version: 6.6.5
  resolution: "mongoose@npm:6.6.5"
  dependencies:
    bson: ^4.6.5
    kareem: 2.4.1
    mongodb: 4.9.1
    mpath: 0.9.0
    mquery: 4.0.3
    ms: 2.1.3
    sift: 16.0.0
  checksum: d94a2d9a144b75a24ea5fc446a3ad71d9f0cfe621f6983b3e6d4edb5958a2dfe19780919ce3a3493cefce7b13c1d88cdd25692a2277e173c9e4eb681e0721a36
  languageName: node
  linkType: hard

"mpath@npm:0.9.0":
  version: 0.9.0
  resolution: "mpath@npm:0.9.0"
  checksum: 1052f1f926db04502440f76164ae16ed53aa41f3ce34e7e64e3ed451b7d91ede295c3b600801c5f9eb862f03d9d59b7aa5aaf690c341fc521bef025d0f5cd773
  languageName: node
  linkType: hard

"mquery@npm:4.0.3":
  version: 4.0.3
  resolution: "mquery@npm:4.0.3"
  dependencies:
    debug: 4.x
  checksum: 16a6887ba7594e71d38969ab58c7be1866a0ffa07a559e4bb43eaefd00db2ae174aedbe2187d94f2a86dca1e07e024d03c22c39fdea09bf08dbf586a2f7ecb0c
  languageName: node
  linkType: hard

"ms@npm:2.1.2":
  version: 2.1.2
  resolution: "ms@npm:2.1.2"
  checksum: 673cdb2c3133eb050c745908d8ce632ed2c02d85640e2edb3ace856a2266a813b30c613569bf3354fdf4ea7d1a1494add3bfa95e2713baa27d0c2c71fc44f58f
  languageName: node
  linkType: hard

"ms@npm:2.1.3, ms@npm:^2.1.1":
  version: 2.1.3
  resolution: "ms@npm:2.1.3"
  checksum: aa92de608021b242401676e35cfa5aa42dd70cbdc082b916da7fb925c542173e36bce97ea3e804923fe92c0ad991434e4a38327e15a1b5b5f945d66df615ae6d
  languageName: node
  linkType: hard

"negotiator@npm:0.6.3":
  version: 0.6.3
  resolution: "negotiator@npm:0.6.3"
  checksum: b8ffeb1e262eff7968fc90a2b6767b04cfd9842582a9d0ece0af7049537266e7b2506dfb1d107a32f06dd849ab2aea834d5830f7f4d0e5cb7d36e1ae55d021d9
  languageName: node
  linkType: hard

"node-xlsx@npm:^0.21.0":
  version: 0.21.0
  resolution: "node-xlsx@npm:0.21.0"
  dependencies:
    xlsx: ^0.17.4
  bin:
    node-xlsx: lib/bin/cli.js
  checksum: 36074796567c4d2070487a6653b2cbec79cd9739a7e4550cbf1434b8300378dfad04b4f34d6f1010d765ccdaec05816dde005c3a1f71d5fe86e378506bb18bf5
  languageName: node
  linkType: hard

"object-inspect@npm:^1.9.0":
  version: 1.12.2
  resolution: "object-inspect@npm:1.12.2"
  checksum: a534fc1b8534284ed71f25ce3a496013b7ea030f3d1b77118f6b7b1713829262be9e6243acbcb3ef8c626e2b64186112cb7f6db74e37b2789b9c789ca23048b2
  languageName: node
  linkType: hard

"on-finished@npm:^2.3.0":
  version: 2.4.1
  resolution: "on-finished@npm:2.4.1"
  dependencies:
    ee-first: 1.1.1
  checksum: d20929a25e7f0bb62f937a425b5edeb4e4cde0540d77ba146ec9357f00b0d497cdb3b9b05b9c8e46222407d1548d08166bff69cc56dfa55ba0e4469228920ff0
  languageName: node
  linkType: hard

"only@npm:~0.0.2":
  version: 0.0.2
  resolution: "only@npm:0.0.2"
  checksum: d399710db867a1ef436dd3ce74499c87ece794aa81ab0370b5d153968766ee4aed2f98d3f92fc87c963e45b7a74d400d6f463ef651a5e7cfb861b15e88e9efe6
  languageName: node
  linkType: hard

"parseurl@npm:^1.3.2":
  version: 1.3.3
  resolution: "parseurl@npm:1.3.3"
  checksum: 407cee8e0a3a4c5cd472559bca8b6a45b82c124e9a4703302326e9ab60fc1081442ada4e02628efef1eb16197ddc7f8822f5a91fd7d7c86b51f530aedb17dfa2
  languageName: node
  linkType: hard

"path-is-absolute@npm:1.0.1":
  version: 1.0.1
  resolution: "path-is-absolute@npm:1.0.1"
  checksum: 060840f92cf8effa293bcc1bea81281bd7d363731d214cbe5c227df207c34cd727430f70c6037b5159c8a870b9157cba65e775446b0ab06fd5ecc7e54615a3b8
  languageName: node
  linkType: hard

"path-to-regexp@npm:^6.2.1":
  version: 6.2.1
  resolution: "path-to-regexp@npm:6.2.1"
  checksum: f0227af8284ea13300f4293ba111e3635142f976d4197f14d5ad1f124aebd9118783dd2e5f1fe16f7273743cc3dbeddfb7493f237bb27c10fdae07020cc9b698
  languageName: node
  linkType: hard

"printj@npm:~1.1.0":
  version: 1.1.2
  resolution: "printj@npm:1.1.2"
  bin:
    printj: ./bin/printj.njs
  checksum: 1c0c66844545415e339356ad62009cdc467819817b1e0341aba428087a1414d46b84089edb4e77ef24705829f8aae6349724b9c7bd89d8690302b2de7a89b315
  languageName: node
  linkType: hard

"punycode@npm:^2.1.1":
  version: 2.1.1
  resolution: "punycode@npm:2.1.1"
  checksum: 823bf443c6dd14f669984dea25757b37993f67e8d94698996064035edd43bed8a5a17a9f12e439c2b35df1078c6bec05a6c86e336209eb1061e8025c481168e8
  languageName: node
  linkType: hard

"qs@npm:^6.5.2":
  version: 6.11.0
  resolution: "qs@npm:6.11.0"
  dependencies:
    side-channel: ^1.0.4
  checksum: 6e1f29dd5385f7488ec74ac7b6c92f4d09a90408882d0c208414a34dd33badc1a621019d4c799a3df15ab9b1d0292f97c1dd71dc7c045e69f81a8064e5af7297
  languageName: node
  linkType: hard

"raw-body@npm:^2.3.3":
  version: 2.5.1
  resolution: "raw-body@npm:2.5.1"
  dependencies:
    bytes: 3.1.2
    http-errors: 2.0.0
    iconv-lite: 0.4.24
    unpipe: 1.0.0
  checksum: 5362adff1575d691bb3f75998803a0ffed8c64eabeaa06e54b4ada25a0cd1b2ae7f4f5ec46565d1bec337e08b5ac90c76eaa0758de6f72a633f025d754dec29e
  languageName: node
  linkType: hard

"resolve-path@npm:^1.4.0":
  version: 1.4.0
  resolution: "resolve-path@npm:1.4.0"
  dependencies:
    http-errors: ~1.6.2
    path-is-absolute: 1.0.1
  checksum: 1a39f569ee54dd5f8ee8576ef8671c9724bea65d9f9982fbb5352af9fb4e500e1e459c1bfb1ae3ebfd8d43a709c3a01dfa4f46cf5b831e45e2caed4f1a208300
  languageName: node
  linkType: hard

"safe-buffer@npm:5.2.1":
  version: 5.2.1
  resolution: "safe-buffer@npm:5.2.1"
  checksum: b99c4b41fdd67a6aaf280fcd05e9ffb0813654894223afb78a31f14a19ad220bba8aba1cb14eddce1fcfb037155fe6de4e861784eb434f7d11ed58d1e70dd491
  languageName: node
  linkType: hard

"safer-buffer@npm:>= 2.1.2 < 3":
  version: 2.1.2
  resolution: "safer-buffer@npm:2.1.2"
  checksum: cab8f25ae6f1434abee8d80023d7e72b598cf1327164ddab31003c51215526801e40b66c5e65d658a0af1e9d6478cadcb4c745f4bd6751f97d8644786c0978b0
  languageName: node
  linkType: hard

"saslprep@npm:^1.0.3":
  version: 1.0.3
  resolution: "saslprep@npm:1.0.3"
  dependencies:
    sparse-bitfield: ^3.0.3
  checksum: 4fdc0b70fb5e523f977de405e12cca111f1f10dd68a0cfae0ca52c1a7919a94d1556598ba2d35f447655c3b32879846c77f9274c90806f6673248ae3cea6ee43
  languageName: node
  linkType: hard

"server@workspace:.":
  version: 0.0.0-use.local
  resolution: "server@workspace:."
  dependencies:
    "@koa/cors": ^4.0.0
    "@types/koa": ^2.13.5
    "@types/koa-bodyparser": ^4.3.8
    "@types/koa-router": ^7.4.4
    "@types/koa-static": ^4.0.2
    "@types/koa__cors": ^3.3.0
    "@types/lodash": ^4.14.186
    koa: ^2.13.4
    koa-bodyparser: ^4.3.0
    koa-router: ^12.0.0
    koa-static: ^5.0.0
    lodash: ^4.17.21
    mongodb: ^4.10.0
    mongoose: ^6.6.5
    node-xlsx: ^0.21.0
    ts-node: ^10.9.1
    tslog: ^3.3.4
    typescript: ^4.8.4
    zod: ^3.19.1
  languageName: unknown
  linkType: soft

"setprototypeof@npm:1.1.0":
  version: 1.1.0
  resolution: "setprototypeof@npm:1.1.0"
  checksum: 27cb44304d6c9e1a23bc6c706af4acaae1a7aa1054d4ec13c05f01a99fd4887109a83a8042b67ad90dbfcd100d43efc171ee036eb080667172079213242ca36e
  languageName: node
  linkType: hard

"setprototypeof@npm:1.2.0":
  version: 1.2.0
  resolution: "setprototypeof@npm:1.2.0"
  checksum: be18cbbf70e7d8097c97f713a2e76edf84e87299b40d085c6bf8b65314e994cc15e2e317727342fa6996e38e1f52c59720b53fe621e2eb593a6847bf0356db89
  languageName: node
  linkType: hard

"side-channel@npm:^1.0.4":
  version: 1.0.4
  resolution: "side-channel@npm:1.0.4"
  dependencies:
    call-bind: ^1.0.0
    get-intrinsic: ^1.0.2
    object-inspect: ^1.9.0
  checksum: 351e41b947079c10bd0858364f32bb3a7379514c399edb64ab3dce683933483fc63fb5e4efe0a15a2e8a7e3c436b6a91736ddb8d8c6591b0460a24bb4a1ee245
  languageName: node
  linkType: hard

"sift@npm:16.0.0":
  version: 16.0.0
  resolution: "sift@npm:16.0.0"
  checksum: 88d5754afe16fbaf4274223e492f4aa382c44070bc63b84b9dcfe0f16f65ff64361c4e642b2ae65dfe33a85170a6ecc378ca44487302a88835f58fe152e62894
  languageName: node
  linkType: hard

"smart-buffer@npm:^4.2.0":
  version: 4.2.0
  resolution: "smart-buffer@npm:4.2.0"
  checksum: b5167a7142c1da704c0e3af85c402002b597081dd9575031a90b4f229ca5678e9a36e8a374f1814c8156a725d17008ae3bde63b92f9cfd132526379e580bec8b
  languageName: node
  linkType: hard

"socks@npm:^2.7.0":
  version: 2.7.1
  resolution: "socks@npm:2.7.1"
  dependencies:
    ip: ^2.0.0
    smart-buffer: ^4.2.0
  checksum: 259d9e3e8e1c9809a7f5c32238c3d4d2a36b39b83851d0f573bfde5f21c4b1288417ce1af06af1452569cd1eb0841169afd4998f0e04ba04656f6b7f0e46d748
  languageName: node
  linkType: hard

"source-map-support@npm:^0.5.21":
  version: 0.5.21
  resolution: "source-map-support@npm:0.5.21"
  dependencies:
    buffer-from: ^1.0.0
    source-map: ^0.6.0
  checksum: 43e98d700d79af1d36f859bdb7318e601dfc918c7ba2e98456118ebc4c4872b327773e5a1df09b0524e9e5063bb18f0934538eace60cca2710d1fa687645d137
  languageName: node
  linkType: hard

"source-map@npm:^0.6.0":
  version: 0.6.1
  resolution: "source-map@npm:0.6.1"
  checksum: 59ce8640cf3f3124f64ac289012c2b8bd377c238e316fb323ea22fbfe83da07d81e000071d7242cad7a23cd91c7de98e4df8830ec3f133cb6133a5f6e9f67bc2
  languageName: node
  linkType: hard

"sparse-bitfield@npm:^3.0.3":
  version: 3.0.3
  resolution: "sparse-bitfield@npm:3.0.3"
  dependencies:
    memory-pager: ^1.0.2
  checksum: 174da88dbbcc783d5dbd26921931cc83830280b8055fb05333786ebe6fc015b9601b24972b3d55920dd2d9f5fb120576fbfa2469b08e5222c9cadf3f05210aab
  languageName: node
  linkType: hard

"ssf@npm:~0.11.2":
  version: 0.11.2
  resolution: "ssf@npm:0.11.2"
  dependencies:
    frac: ~1.1.2
  checksum: 6ecef6ae0a90e67dc4b05bc3cca883e2dffad9773b41124af36ee308884e4a29f98bde66d6c8d2bd1ccf5f860ea4f6c49338bd8d733007fc42ebe02dd5295dcf
  languageName: node
  linkType: hard

"statuses@npm:2.0.1":
  version: 2.0.1
  resolution: "statuses@npm:2.0.1"
  checksum: 18c7623fdb8f646fb213ca4051be4df7efb3484d4ab662937ca6fbef7ced9b9e12842709872eb3020cc3504b93bde88935c9f6417489627a7786f24f8031cbcb
  languageName: node
  linkType: hard

"statuses@npm:>= 1.4.0 < 2, statuses@npm:>= 1.5.0 < 2, statuses@npm:^1.5.0":
  version: 1.5.0
  resolution: "statuses@npm:1.5.0"
  checksum: c469b9519de16a4bb19600205cffb39ee471a5f17b82589757ca7bd40a8d92ebb6ed9f98b5a540c5d302ccbc78f15dc03cc0280dd6e00df1335568a5d5758a5c
  languageName: node
  linkType: hard

"toidentifier@npm:1.0.1":
  version: 1.0.1
  resolution: "toidentifier@npm:1.0.1"
  checksum: 952c29e2a85d7123239b5cfdd889a0dde47ab0497f0913d70588f19c53f7e0b5327c95f4651e413c74b785147f9637b17410ac8c846d5d4a20a5a33eb6dc3a45
  languageName: node
  linkType: hard

"tr46@npm:^3.0.0":
  version: 3.0.0
  resolution: "tr46@npm:3.0.0"
  dependencies:
    punycode: ^2.1.1
  checksum: 44c3cc6767fb800490e6e9fd64fd49041aa4e49e1f6a012b34a75de739cc9ed3a6405296072c1df8b6389ae139c5e7c6496f659cfe13a04a4bff3a1422981270
  languageName: node
  linkType: hard

"ts-node@npm:^10.9.1":
  version: 10.9.1
  resolution: "ts-node@npm:10.9.1"
  dependencies:
    "@cspotcode/source-map-support": ^0.8.0
    "@tsconfig/node10": ^1.0.7
    "@tsconfig/node12": ^1.0.7
    "@tsconfig/node14": ^1.0.0
    "@tsconfig/node16": ^1.0.2
    acorn: ^8.4.1
    acorn-walk: ^8.1.1
    arg: ^4.1.0
    create-require: ^1.1.0
    diff: ^4.0.1
    make-error: ^1.1.1
    v8-compile-cache-lib: ^3.0.1
    yn: 3.1.1
  peerDependencies:
    "@swc/core": ">=1.2.50"
    "@swc/wasm": ">=1.2.50"
    "@types/node": "*"
    typescript: ">=2.7"
  peerDependenciesMeta:
    "@swc/core":
      optional: true
    "@swc/wasm":
      optional: true
  bin:
    ts-node: dist/bin.js
    ts-node-cwd: dist/bin-cwd.js
    ts-node-esm: dist/bin-esm.js
    ts-node-script: dist/bin-script.js
    ts-node-transpile-only: dist/bin-transpile.js
    ts-script: dist/bin-script-deprecated.js
  checksum: 090adff1302ab20bd3486e6b4799e90f97726ed39e02b39e566f8ab674fd5bd5f727f43615debbfc580d33c6d9d1c6b1b3ce7d8e3cca3e20530a145ffa232c35
  languageName: node
  linkType: hard

"tslog@npm:^3.3.4":
  version: 3.3.4
  resolution: "tslog@npm:3.3.4"
  dependencies:
    source-map-support: ^0.5.21
  checksum: c830921239dfb0e1fd8b4733710b6d3a7e49d1c2890481a49b0f3396c86e913a2db2bbafc6be7afcc305ef4e8503b5cb58817bc770c969fef67758a1f764871b
  languageName: node
  linkType: hard

"tsscmp@npm:1.0.6":
  version: 1.0.6
  resolution: "tsscmp@npm:1.0.6"
  checksum: 1512384def36bccc9125cabbd4c3b0e68608d7ee08127ceaa0b84a71797263f1a01c7f82fa69be8a3bd3c1396e2965d2f7b52d581d3a5eeaf3967fbc52e3b3bf
  languageName: node
  linkType: hard

"type-is@npm:^1.6.16":
  version: 1.6.18
  resolution: "type-is@npm:1.6.18"
  dependencies:
    media-typer: 0.3.0
    mime-types: ~2.1.24
  checksum: 2c8e47675d55f8b4e404bcf529abdf5036c537a04c2b20177bcf78c9e3c1da69da3942b1346e6edb09e823228c0ee656ef0e033765ec39a70d496ef601a0c657
  languageName: node
  linkType: hard

"typescript@npm:^4.8.4":
  version: 4.8.4
  resolution: "typescript@npm:4.8.4"
  bin:
    tsc: bin/tsc
    tsserver: bin/tsserver
  checksum: 3e4f061658e0c8f36c820802fa809e0fd812b85687a9a2f5430bc3d0368e37d1c9605c3ce9b39df9a05af2ece67b1d844f9f6ea8ff42819f13bcb80f85629af0
  languageName: node
  linkType: hard

"typescript@patch:typescript@^4.8.4#~builtin<compat/typescript>":
  version: 4.8.4
  resolution: "typescript@patch:typescript@npm%3A4.8.4#~builtin<compat/typescript>::version=4.8.4&hash=701156"
  bin:
    tsc: bin/tsc
    tsserver: bin/tsserver
  checksum: 301459fc3eb3b1a38fe91bf96d98eb55da88a9cb17b4ef80b4d105d620f4d547ba776cc27b44cc2ef58b66eda23fe0a74142feb5e79a6fb99f54fc018a696afa
  languageName: node
  linkType: hard

"unpipe@npm:1.0.0":
  version: 1.0.0
  resolution: "unpipe@npm:1.0.0"
  checksum: 4fa18d8d8d977c55cb09715385c203197105e10a6d220087ec819f50cb68870f02942244f1017565484237f1f8c5d3cd413631b1ae104d3096f24fdfde1b4aa2
  languageName: node
  linkType: hard

"v8-compile-cache-lib@npm:^3.0.1":
  version: 3.0.1
  resolution: "v8-compile-cache-lib@npm:3.0.1"
  checksum: 78089ad549e21bcdbfca10c08850022b22024cdcc2da9b168bcf5a73a6ed7bf01a9cebb9eac28e03cd23a684d81e0502797e88f3ccd27a32aeab1cfc44c39da0
  languageName: node
  linkType: hard

"vary@npm:^1.1.2":
  version: 1.1.2
  resolution: "vary@npm:1.1.2"
  checksum: ae0123222c6df65b437669d63dfa8c36cee20a504101b2fcd97b8bf76f91259c17f9f2b4d70a1e3c6bbcee7f51b28392833adb6b2770b23b01abec84e369660b
  languageName: node
  linkType: hard

"webidl-conversions@npm:^7.0.0":
  version: 7.0.0
  resolution: "webidl-conversions@npm:7.0.0"
  checksum: f05588567a2a76428515333eff87200fae6c83c3948a7482ebb109562971e77ef6dc49749afa58abb993391227c5697b3ecca52018793e0cb4620a48f10bd21b
  languageName: node
  linkType: hard

"whatwg-url@npm:^11.0.0":
  version: 11.0.0
  resolution: "whatwg-url@npm:11.0.0"
  dependencies:
    tr46: ^3.0.0
    webidl-conversions: ^7.0.0
  checksum: ed4826aaa57e66bb3488a4b25c9cd476c46ba96052747388b5801f137dd740b73fde91ad207d96baf9f17fbcc80fc1a477ad65181b5eb5fa718d27c69501d7af
  languageName: node
  linkType: hard

"wmf@npm:~1.0.1":
  version: 1.0.2
  resolution: "wmf@npm:1.0.2"
  checksum: d336acb2c76fa868ef006fbb06c4e64c7c1ed5ff77d16c48a273cf1f4d0a44e35df209b8fde28d93dd4a924d652a9c4fc8a92ad57885a5e437df0b0900769e3b
  languageName: node
  linkType: hard

"word@npm:~0.3.0":
  version: 0.3.0
  resolution: "word@npm:0.3.0"
  checksum: f84e7061883380c1bcb0d98bd183b7f2b281688011924af7a96d3ed3ee20aeb12cc59a0451b66e5e57520338a056725ff8e0c07b358c0afecf5488a9557c19fe
  languageName: node
  linkType: hard

"xlsx@npm:^0.17.4":
  version: 0.17.5
  resolution: "xlsx@npm:0.17.5"
  dependencies:
    adler-32: ~1.2.0
    cfb: ^1.1.4
    codepage: ~1.15.0
    crc-32: ~1.2.0
    ssf: ~0.11.2
    wmf: ~1.0.1
    word: ~0.3.0
  bin:
    xlsx: bin/xlsx.njs
  checksum: f2dc48671994ba13aa98c4aaa14d7cb13f75f248964f555809ec3d4069e80e99a0bcb6657273e3872af3765118aa30630d566b991a14b6193f1ad79022542e46
  languageName: node
  linkType: hard

"ylru@npm:^1.2.0":
  version: 1.3.2
  resolution: "ylru@npm:1.3.2"
  checksum: b6bb3931144424114f2350c072cfeb180f205add93509c605ae025cbed8059846f8a5767655feeeab890d288b5b4c4b36f5d5d867ee4e6946c16bcc7ec3ddaee
  languageName: node
  linkType: hard

"yn@npm:3.1.1":
  version: 3.1.1
  resolution: "yn@npm:3.1.1"
  checksum: 2c487b0e149e746ef48cda9f8bad10fc83693cd69d7f9dcd8be4214e985de33a29c9e24f3c0d6bcf2288427040a8947406ab27f7af67ee9456e6b84854f02dd6
  languageName: node
  linkType: hard

"zod@npm:^3.19.1":
  version: 3.19.1
  resolution: "zod@npm:3.19.1"
  checksum: 56e420ea5845912324a8fc61833714a2aec84954e418b52660d76502183c6e62fef9447cbfa64349640c5ce190cf2c24267e006bb80f066183e2f3fa9fe11864
  languageName: node
  linkType: hard
